
Microsoft Visual Studio Solution File, Format Version 12.00
# Visual Studio Version 17
VisualStudioVersion = 17.0.31919.166
MinimumVisualStudioVersion = 10.0.40219.1
Project("{9A19103F-16F7-4668-BE54-9A1E7A4F7556}") = "ApplicationCore", "src\ApplicationCore\ApplicationCore.csproj", "{DF986F79-0F6E-45D1-835B-4E6F0EF7612C}"
EndProject
Project("{2150E333-8FDC-42A3-9474-1A3956D46DE8}") = "src", "src", "{47537CCA-3744-4835-A2F4-AD9F0DDD12E5}"
EndProject
Project("{2150E333-8FDC-42A3-9474-1A3956D46DE8}") = "docs", "docs", "{DF6859F4-6D74-4E12-B570-6D4A4E8D5CBF}"
	ProjectSection(SolutionItems) = preProject
		docs\README.md = docs\README.md
	EndProjectSection
EndProject
Project("{2150E333-8FDC-42A3-9474-1A3956D46DE8}") = "tests", "tests", "{CE357A7B-45EC-498F-9A1C-42AD7A169E34}"
EndProject
Project("{9A19103F-16F7-4668-BE54-9A1E7A4F7556}") = "UnitTest", "tests\UnitTest\UnitTest.csproj", "{B5DCB2C5-0ABA-441C-A961-D36A918DAA42}"
EndProject
Project("{9A19103F-16F7-4668-BE54-9A1E7A4F7556}") = "Web", "src\Web\Web.csproj", "{C715A887-1F07-414D-8F18-FC041D6B5D7B}"
EndProject
Global
	GlobalSection(SolutionConfigurationPlatforms) = preSolution
		Debug|Any CPU = Debug|Any CPU
		Release|Any CPU = Release|Any CPU
	EndGlobalSection
	GlobalSection(ProjectConfigurationPlatforms) = postSolution
		{DF986F79-0F6E-45D1-835B-4E6F0EF7612C}.Debug|Any CPU.ActiveCfg = Debug|Any CPU
		{DF986F79-0F6E-45D1-835B-4E6F0EF7612C}.Debug|Any CPU.Build.0 = Debug|Any CPU
		{DF986F79-0F6E-45D1-835B-4E6F0EF7612C}.Release|Any CPU.ActiveCfg = Release|Any CPU
		{DF986F79-0F6E-45D1-835B-4E6F0EF7612C}.Release|Any CPU.Build.0 = Release|Any CPU
		{B5DCB2C5-0ABA-441C-A961-D36A918DAA42}.Debug|Any CPU.ActiveCfg = Debug|Any CPU
		{B5DCB2C5-0ABA-441C-A961-D36A918DAA42}.Debug|Any CPU.Build.0 = Debug|Any CPU
		{B5DCB2C5-0ABA-441C-A961-D36A918DAA42}.Release|Any CPU.ActiveCfg = Release|Any CPU
		{B5DCB2C5-0ABA-441C-A961-D36A918DAA42}.Release|Any CPU.Build.0 = Release|Any CPU
		{C715A887-1F07-414D-8F18-FC041D6B5D7B}.Debug|Any CPU.ActiveCfg = Debug|Any CPU
		{C715A887-1F07-414D-8F18-FC041D6B5D7B}.Debug|Any CPU.Build.0 = Debug|Any CPU
		{C715A887-1F07-414D-8F18-FC041D6B5D7B}.Release|Any CPU.ActiveCfg = Release|Any CPU
		{C715A887-1F07-414D-8F18-FC041D6B5D7B}.Release|Any CPU.Build.0 = Release|Any CPU
	EndGlobalSection
	GlobalSection(SolutionProperties) = preSolution
		HideSolutionNode = FALSE
	EndGlobalSection
	GlobalSection(NestedProjects) = preSolution
		{DF986F79-0F6E-45D1-835B-4E6F0EF7612C} = {47537CCA-3744-4835-A2F4-AD9F0DDD12E5}
		{B5DCB2C5-0ABA-441C-A961-D36A918DAA42} = {CE357A7B-45EC-498F-9A1C-42AD7A169E34}
		{C715A887-1F07-414D-8F18-FC041D6B5D7B} = {47537CCA-3744-4835-A2F4-AD9F0DDD12E5}
	EndGlobalSection
	GlobalSection(ExtensibilityGlobals) = postSolution
		SolutionGuid = {C728E8E8-6175-4F95-B193-42D467B183F5}
	EndGlobalSection
EndGlobal
